
Microsoft Visual Studio Solution File, Format Version 12.00
#
Project("{2150E333-8FDC-42A3-9474-1A3956D46DE8}") = "docker", "docker", "{E596746B-60CC-432E-AF2B-C3A9B8ABD7A2}"
	ProjectSection(SolutionItems) = preProject
		docker\docker-compose.yml = docker\docker-compose.yml
	EndProjectSection
EndProject
Project("{2150E333-8FDC-42A3-9474-1A3956D46DE8}") = "src", "src", "{7817E40A-DF54-4F5D-894E-BFADCB870D5A}"
EndProject
Project("{2150E333-8FDC-42A3-9474-1A3956D46DE8}") = "Services", "Services", "{B990D488-4F03-4515-93F0-483C7F4829F6}"
EndProject
Project("{2150E333-8FDC-42A3-9474-1A3956D46DE8}") = "Orders", "Orders", "{6A0C4110-BC72-4DDE-A253-25101763073D}"
EndProject
Project("{FAE04EC0-301F-11D3-BF4B-00C04F79EFBC}") = "Orders.API", "src\Services\Orders\Orders.API\Orders.API.csproj", "{C733EC5C-5765-4904-B0A7-8F59ECB52101}"
EndProject
Project("{2150E333-8FDC-42A3-9474-1A3956D46DE8}") = "docs", "docs", "{45D70749-EF45-4097-9F76-B5EDF8BF2CEA}"
EndProject
Global
	GlobalSection(SolutionConfigurationPlatforms) = preSolution
		Debug|Any CPU = Debug|Any CPU
		Release|Any CPU = Release|Any CPU
	EndGlobalSection
	GlobalSection(ProjectConfigurationPlatforms) = postSolution
		{C733EC5C-5765-4904-B0A7-8F59ECB52101}.Debug|Any CPU.ActiveCfg = Debug|Any CPU
		{C733EC5C-5765-4904-B0A7-8F59ECB52101}.Debug|Any CPU.Build.0 = Debug|Any CPU
		{C733EC5C-5765-4904-B0A7-8F59ECB52101}.Release|Any CPU.ActiveCfg = Release|Any CPU
		{C733EC5C-5765-4904-B0A7-8F59ECB52101}.Release|Any CPU.Build.0 = Release|Any CPU
		{54B081F5-E3C7-48E8-BE2A-4DA343A0CF8A}.Debug|Any CPU.ActiveCfg = Debug|Any CPU
		{54B081F5-E3C7-48E8-BE2A-4DA343A0CF8A}.Debug|Any CPU.Build.0 = Debug|Any CPU
		{54B081F5-E3C7-48E8-BE2A-4DA343A0CF8A}.Release|Any CPU.ActiveCfg = Release|Any CPU
		{54B081F5-E3C7-48E8-BE2A-4DA343A0CF8A}.Release|Any CPU.Build.0 = Release|Any CPU
	EndGlobalSection
	GlobalSection(NestedProjects) = preSolution
		{B990D488-4F03-4515-93F0-483C7F4829F6} = {7817E40A-DF54-4F5D-894E-BFADCB870D5A}
		{6A0C4110-BC72-4DDE-A253-25101763073D} = {B990D488-4F03-4515-93F0-483C7F4829F6}
		{C733EC5C-5765-4904-B0A7-8F59ECB52101} = {6A0C4110-BC72-4DDE-A253-25101763073D}
		{54B081F5-E3C7-48E8-BE2A-4DA343A0CF8A} = {6A0C4110-BC72-4DDE-A253-25101763073D}
	EndGlobalSection
EndGlobal
