
Microsoft Visual Studio Solution File, Format Version 12.00
Project("{2150E333-8FDC-42A3-9474-1A3956D46DE8}") = "src", "src", "{4790FA1E-660C-4187-BDA2-BC7F64BAB300}"
EndProject
Project("{2150E333-8FDC-42A3-9474-1A3956D46DE8}") = "Services", "Services", "{5EE6CE7C-5CCC-4577-B94B-30223E0AD4C5}"
EndProject
Project("{2150E333-8FDC-42A3-9474-1A3956D46DE8}") = "Orders", "Orders", "{64DACFAD-C360-4C14-B55B-0F343F3F769C}"
EndProject
Project("{2150E333-8FDC-42A3-9474-1A3956D46DE8}") = "Orders.API", "Orders.API", "{805656CA-2AE0-413B-AD6E-B50CDED4DF7C}"
EndProject
Project("{2150E333-8FDC-42A3-9474-1A3956D46DE8}") = "tests", "tests", "{364D81C4-528E-4755-A6B7-11C42BA977C7}"
EndProject
Project("{2150E333-8FDC-42A3-9474-1A3956D46DE8}") = "Services", "Services", "{FE8AB2BC-B6AF-48D7-8ED2-AF4B7AB8AF0F}"
EndProject
Project("{2150E333-8FDC-42A3-9474-1A3956D46DE8}") = "docker", "docker", "{E596746B-60CC-432E-AF2B-C3A9B8ABD7A2}"
EndProject
Project("{2150E333-8FDC-42A3-9474-1A3956D46DE8}") = "Orders.Tests", "Orders.Tests", "{335B68AD-378F-46DD-97C1-5045D8BB436A}"
EndProject
Project("{2150E333-8FDC-42A3-9474-1A3956D46DE8}") = "building-blocks", "building-blocks", "{D2380650-2BF7-4610-A806-A90CC97206BD}"
EndProject
Project("{FAE04EC0-301F-11D3-BF4B-00C04F79EFBC}") = "Orders.API", "src\Services\Orders\Orders.API\Orders.API.csproj", "{F1071253-AC61-42B8-99E6-98B58034BDD2}"
EndProject
Project("{2150E333-8FDC-42A3-9474-1A3956D46DE8}") = "EcommerceModular.Application", "EcommerceModular.Application", "{BD802ADF-571A-40B1-B5BF-1003D444B877}"
EndProject
Project("{2150E333-8FDC-42A3-9474-1A3956D46DE8}") = "EcommerceModular.Domain", "EcommerceModular.Domain", "{14E3E521-7EA6-4F4D-8CB6-F0D83A9C4EE1}"
EndProject
Project("{2150E333-8FDC-42A3-9474-1A3956D46DE8}") = "EcommerceModular.Infrastructure", "EcommerceModular.Infrastructure", "{92D2314A-A5E8-43C3-87FA-F81DF52AA43D}"
EndProject
Project("{2150E333-8FDC-42A3-9474-1A3956D46DE8}") = "EcommerceModular.Shared", "EcommerceModular.Shared", "{89C9BE5A-DFF4-4D84-8F6A-4F7395690611}"
EndProject
Project("{FAE04EC0-301F-11D3-BF4B-00C04F79EFBC}") = "EcommerceModular.Application", "building-blocks\EcommerceModular.Application\EcommerceModular.Application.csproj", "{AAE7E49D-B0CF-4B90-A4F2-190E8BC183E2}"
EndProject
Project("{FAE04EC0-301F-11D3-BF4B-00C04F79EFBC}") = "EcommerceModular.Domain", "building-blocks\EcommerceModular.Domain\EcommerceModular.Domain.csproj", "{41EBDF77-3C9A-42E3-8D09-80925FF177F5}"
EndProject
Project("{FAE04EC0-301F-11D3-BF4B-00C04F79EFBC}") = "EcommerceModular.Infrastructure", "building-blocks\EcommerceModular.Infrastructure\EcommerceModular.Infrastructure.csproj", "{AE426222-0764-4022-B347-5EAA590C5FF2}"
EndProject
Global
	GlobalSection(SolutionConfigurationPlatforms) = preSolution
		Debug|Any CPU = Debug|Any CPU
		Release|Any CPU = Release|Any CPU
	EndGlobalSection
	GlobalSection(NestedProjects) = preSolution
		{5EE6CE7C-5CCC-4577-B94B-30223E0AD4C5} = {4790FA1E-660C-4187-BDA2-BC7F64BAB300}
		{64DACFAD-C360-4C14-B55B-0F343F3F769C} = {5EE6CE7C-5CCC-4577-B94B-30223E0AD4C5}
		{805656CA-2AE0-413B-AD6E-B50CDED4DF7C} = {64DACFAD-C360-4C14-B55B-0F343F3F769C}
		{FE8AB2BC-B6AF-48D7-8ED2-AF4B7AB8AF0F} = {364D81C4-528E-4755-A6B7-11C42BA977C7}
		{335B68AD-378F-46DD-97C1-5045D8BB436A} = {FE8AB2BC-B6AF-48D7-8ED2-AF4B7AB8AF0F}
		{F1071253-AC61-42B8-99E6-98B58034BDD2} = {805656CA-2AE0-413B-AD6E-B50CDED4DF7C}
		{BD802ADF-571A-40B1-B5BF-1003D444B877} = {D2380650-2BF7-4610-A806-A90CC97206BD}
		{14E3E521-7EA6-4F4D-8CB6-F0D83A9C4EE1} = {D2380650-2BF7-4610-A806-A90CC97206BD}
		{92D2314A-A5E8-43C3-87FA-F81DF52AA43D} = {D2380650-2BF7-4610-A806-A90CC97206BD}
		{89C9BE5A-DFF4-4D84-8F6A-4F7395690611} = {D2380650-2BF7-4610-A806-A90CC97206BD}
		{AAE7E49D-B0CF-4B90-A4F2-190E8BC183E2} = {BD802ADF-571A-40B1-B5BF-1003D444B877}
		{41EBDF77-3C9A-42E3-8D09-80925FF177F5} = {14E3E521-7EA6-4F4D-8CB6-F0D83A9C4EE1}
		{AE426222-0764-4022-B347-5EAA590C5FF2} = {92D2314A-A5E8-43C3-87FA-F81DF52AA43D}
	EndGlobalSection
	GlobalSection(ProjectConfigurationPlatforms) = postSolution
		{F1071253-AC61-42B8-99E6-98B58034BDD2}.Debug|Any CPU.ActiveCfg = Debug|Any CPU
		{F1071253-AC61-42B8-99E6-98B58034BDD2}.Debug|Any CPU.Build.0 = Debug|Any CPU
		{F1071253-AC61-42B8-99E6-98B58034BDD2}.Release|Any CPU.ActiveCfg = Release|Any CPU
		{F1071253-AC61-42B8-99E6-98B58034BDD2}.Release|Any CPU.Build.0 = Release|Any CPU
		{AAE7E49D-B0CF-4B90-A4F2-190E8BC183E2}.Debug|Any CPU.ActiveCfg = Debug|Any CPU
		{AAE7E49D-B0CF-4B90-A4F2-190E8BC183E2}.Debug|Any CPU.Build.0 = Debug|Any CPU
		{AAE7E49D-B0CF-4B90-A4F2-190E8BC183E2}.Release|Any CPU.ActiveCfg = Release|Any CPU
		{AAE7E49D-B0CF-4B90-A4F2-190E8BC183E2}.Release|Any CPU.Build.0 = Release|Any CPU
		{41EBDF77-3C9A-42E3-8D09-80925FF177F5}.Debug|Any CPU.ActiveCfg = Debug|Any CPU
		{41EBDF77-3C9A-42E3-8D09-80925FF177F5}.Debug|Any CPU.Build.0 = Debug|Any CPU
		{41EBDF77-3C9A-42E3-8D09-80925FF177F5}.Release|Any CPU.ActiveCfg = Release|Any CPU
		{41EBDF77-3C9A-42E3-8D09-80925FF177F5}.Release|Any CPU.Build.0 = Release|Any CPU
		{AE426222-0764-4022-B347-5EAA590C5FF2}.Debug|Any CPU.ActiveCfg = Debug|Any CPU
		{AE426222-0764-4022-B347-5EAA590C5FF2}.Debug|Any CPU.Build.0 = Debug|Any CPU
		{AE426222-0764-4022-B347-5EAA590C5FF2}.Release|Any CPU.ActiveCfg = Release|Any CPU
		{AE426222-0764-4022-B347-5EAA590C5FF2}.Release|Any CPU.Build.0 = Release|Any CPU
	EndGlobalSection
EndGlobal
