
Microsoft Visual Studio Solution File, Format Version 12.00
# 
Project("{2150E333-8FDC-42A3-9474-1A3956D46DE8}") = "docker", "docker", "{E596746B-60CC-432E-AF2B-C3A9B8ABD7A2}"
	ProjectSection(SolutionItems) = preProject
		docker\docker-compose.yml = docker\docker-compose.yml
	EndProjectSection
EndProject
Project("{2150E333-8FDC-42A3-9474-1A3956D46DE8}") = "src", "src", "{ADEC5815-C2B6-434A-A520-378CBC24B7BE}"
EndProject
Project("{2150E333-8FDC-42A3-9474-1A3956D46DE8}") = "services", "services", "{C335DA0E-86EF-468D-BDBC-3B17800CA720}"
EndProject
Project("{2150E333-8FDC-42A3-9474-1A3956D46DE8}") = "Orders", "Orders", "{E71B7963-137F-4D07-A7A2-F762ECF84104}"
EndProject
Project("{FAE04EC0-301F-11D3-BF4B-00C04F79EFBC}") = "Orders.API", "src\services\Orders\Orders.API\Orders.API.csproj", "{9F0FC480-0DCE-48E6-9EFA-23200E64E036}"
EndProject
Project("{FAE04EC0-301F-11D3-BF4B-00C04F79EFBC}") = "Orders.Consumer", "src\services\Orders\Orders.Consumer\Orders.Consumer.csproj", "{2910A348-9AF7-45AB-B763-2AB5E15B04D7}"
EndProject
Global
	GlobalSection(SolutionConfigurationPlatforms) = preSolution
		Debug|Any CPU = Debug|Any CPU
		Release|Any CPU = Release|Any CPU
	EndGlobalSection
	GlobalSection(ProjectConfigurationPlatforms) = postSolution
		{9F0FC480-0DCE-48E6-9EFA-23200E64E036}.Debug|Any CPU.ActiveCfg = Debug|Any CPU
		{9F0FC480-0DCE-48E6-9EFA-23200E64E036}.Debug|Any CPU.Build.0 = Debug|Any CPU
		{9F0FC480-0DCE-48E6-9EFA-23200E64E036}.Release|Any CPU.ActiveCfg = Release|Any CPU
		{9F0FC480-0DCE-48E6-9EFA-23200E64E036}.Release|Any CPU.Build.0 = Release|Any CPU
		{2910A348-9AF7-45AB-B763-2AB5E15B04D7}.Debug|Any CPU.ActiveCfg = Debug|Any CPU
		{2910A348-9AF7-45AB-B763-2AB5E15B04D7}.Debug|Any CPU.Build.0 = Debug|Any CPU
		{2910A348-9AF7-45AB-B763-2AB5E15B04D7}.Release|Any CPU.ActiveCfg = Release|Any CPU
		{2910A348-9AF7-45AB-B763-2AB5E15B04D7}.Release|Any CPU.Build.0 = Release|Any CPU
	EndGlobalSection
	GlobalSection(NestedProjects) = preSolution
		{C335DA0E-86EF-468D-BDBC-3B17800CA720} = {ADEC5815-C2B6-434A-A520-378CBC24B7BE}
		{E71B7963-137F-4D07-A7A2-F762ECF84104} = {C335DA0E-86EF-468D-BDBC-3B17800CA720}
		{9F0FC480-0DCE-48E6-9EFA-23200E64E036} = {E71B7963-137F-4D07-A7A2-F762ECF84104}
		{2910A348-9AF7-45AB-B763-2AB5E15B04D7} = {E71B7963-137F-4D07-A7A2-F762ECF84104}
	EndGlobalSection
EndGlobal
